
Microsoft Visual Studio Solution File, Format Version 12.00
# Visual Studio Version 17
VisualStudioVersion = 17.6.33829.357
MinimumVisualStudioVersion = 10.0.40219.1
Project("{FAE04EC0-301F-11D3-BF4B-00C04F79EFBC}") = "Assignment-3-2", "Assignment-3-2.csproj", "{5E1EF007-8CAA-4C3A-A262-3E10BE902FAE}"
EndProject
Global
	GlobalSection(SolutionConfigurationPlatforms) = preSolution
		Debug|Any CPU = Debug|Any CPU
		Release|Any CPU = Release|Any CPU
	EndGlobalSection
	GlobalSection(ProjectConfigurationPlatforms) = postSolution
		{5E1EF007-8CAA-4C3A-A262-3E10BE902FAE}.Debug|Any CPU.ActiveCfg = Debug|Any CPU
		{5E1EF007-8CAA-4C3A-A262-3E10BE902FAE}.Debug|Any CPU.Build.0 = Debug|Any CPU
		{5E1EF007-8CAA-4C3A-A262-3E10BE902FAE}.Release|Any CPU.ActiveCfg = Release|Any CPU
		{5E1EF007-8CAA-4C3A-A262-3E10BE902FAE}.Release|Any CPU.Build.0 = Release|Any CPU
	EndGlobalSection
	GlobalSection(SolutionProperties) = preSolution
		HideSolutionNode = FALSE
	EndGlobalSection
	GlobalSection(ExtensibilityGlobals) = postSolution
		SolutionGuid = {1A9A697D-7971-465E-95ED-48A9DA75D2FF}
	EndGlobalSection
EndGlobal
